
Microsoft Visual Studio Solution File, Format Version 12.00
# Visual Studio Version 17
VisualStudioVersion = 17.2.32602.215
MinimumVisualStudioVersion = 10.0.40219.1
Project("{FAE04EC0-301F-11D3-BF4B-00C04F79EFBC}") = "Sistema_Empresarial", "Sistema_Empresarial\Sistema_Empresarial.csproj", "{ABB90EF8-48E7-4C4B-9255-D34BF952E2BA}"
EndProject
Global
	GlobalSection(SolutionConfigurationPlatforms) = preSolution
		Debug|Any CPU = Debug|Any CPU
		Release|Any CPU = Release|Any CPU
	EndGlobalSection
	GlobalSection(ProjectConfigurationPlatforms) = postSolution
		{ABB90EF8-48E7-4C4B-9255-D34BF952E2BA}.Debug|Any CPU.ActiveCfg = Debug|Any CPU
		{ABB90EF8-48E7-4C4B-9255-D34BF952E2BA}.Debug|Any CPU.Build.0 = Debug|Any CPU
		{ABB90EF8-48E7-4C4B-9255-D34BF952E2BA}.Release|Any CPU.ActiveCfg = Release|Any CPU
		{ABB90EF8-48E7-4C4B-9255-D34BF952E2BA}.Release|Any CPU.Build.0 = Release|Any CPU
	EndGlobalSection
	GlobalSection(SolutionProperties) = preSolution
		HideSolutionNode = FALSE
	EndGlobalSection
	GlobalSection(ExtensibilityGlobals) = postSolution
		SolutionGuid = {13B45B4A-D9EF-4D22-8543-E3EE067EF034}
	EndGlobalSection
EndGlobal
